
Microsoft Visual Studio Solution File, Format Version 12.00
# Visual Studio Version 17
VisualStudioVersion = 17.14.36121.58 d17.14
MinimumVisualStudioVersion = 10.0.40219.1
Project("{FAE04EC0-301F-11D3-BF4B-00C04F79EFBC}") = "SuperShop", "SuperShop\SuperShop.csproj", "{A3BB2EE5-D3D5-44E9-9CED-73D54465EF87}"
EndProject
Global
	GlobalSection(SolutionConfigurationPlatforms) = preSolution
		Debug|Any CPU = Debug|Any CPU
		Release|Any CPU = Release|Any CPU
	EndGlobalSection
	GlobalSection(ProjectConfigurationPlatforms) = postSolution
		{A3BB2EE5-D3D5-44E9-9CED-73D54465EF87}.Debug|Any CPU.ActiveCfg = Debug|Any CPU
		{A3BB2EE5-D3D5-44E9-9CED-73D54465EF87}.Debug|Any CPU.Build.0 = Debug|Any CPU
		{A3BB2EE5-D3D5-44E9-9CED-73D54465EF87}.Release|Any CPU.ActiveCfg = Release|Any CPU
		{A3BB2EE5-D3D5-44E9-9CED-73D54465EF87}.Release|Any CPU.Build.0 = Release|Any CPU
	EndGlobalSection
	GlobalSection(SolutionProperties) = preSolution
		HideSolutionNode = FALSE
	EndGlobalSection
	GlobalSection(ExtensibilityGlobals) = postSolution
		SolutionGuid = {A16FBE53-D9C6-4581-AA4E-F6715DF1B534}
	EndGlobalSection
EndGlobal
